
Microsoft Visual Studio Solution File, Format Version 12.00
# Visual Studio 15
VisualStudioVersion = 15.0.26403.7
MinimumVisualStudioVersion = 10.0.40219.1
Project("{FAE04EC0-301F-11D3-BF4B-00C04F79EFBC}") = "TheGreatFollowUpper", "TheGreatFollowUpper\TheGreatFollowUpper.csproj", "{4741128C-EAE5-4E75-9751-5CD6222F6021}"
EndProject
Project("{FAE04EC0-301F-11D3-BF4B-00C04F79EFBC}") = "TheGreatFollowUpper.LicenseGenerator", "TheGreatFollowUpper.LicenseGenerator\TheGreatFollowUpper.LicenseGenerator.csproj", "{2E16C98B-530D-46F7-8F80-DF73B7E44CC8}"
EndProject
Global
	GlobalSection(SolutionConfigurationPlatforms) = preSolution
		Debug|Any CPU = Debug|Any CPU
		Release|Any CPU = Release|Any CPU
	EndGlobalSection
	GlobalSection(ProjectConfigurationPlatforms) = postSolution
		{4741128C-EAE5-4E75-9751-5CD6222F6021}.Debug|Any CPU.ActiveCfg = Debug|Any CPU
		{4741128C-EAE5-4E75-9751-5CD6222F6021}.Debug|Any CPU.Build.0 = Debug|Any CPU
		{4741128C-EAE5-4E75-9751-5CD6222F6021}.Release|Any CPU.ActiveCfg = Release|Any CPU
		{4741128C-EAE5-4E75-9751-5CD6222F6021}.Release|Any CPU.Build.0 = Release|Any CPU
		{2E16C98B-530D-46F7-8F80-DF73B7E44CC8}.Debug|Any CPU.ActiveCfg = Debug|Any CPU
		{2E16C98B-530D-46F7-8F80-DF73B7E44CC8}.Debug|Any CPU.Build.0 = Debug|Any CPU
		{2E16C98B-530D-46F7-8F80-DF73B7E44CC8}.Release|Any CPU.ActiveCfg = Release|Any CPU
		{2E16C98B-530D-46F7-8F80-DF73B7E44CC8}.Release|Any CPU.Build.0 = Release|Any CPU
	EndGlobalSection
	GlobalSection(SolutionProperties) = preSolution
		HideSolutionNode = FALSE
	EndGlobalSection
	GlobalSection(TeamFoundationVersionControl) = preSolution
		SccNumberOfProjects = 3
		SccEnterpriseProvider = {4CA58AB2-18FA-4F8D-95D4-32DDF27D184C}
		SccTeamFoundationServer = https://verbodrome.visualstudio.com/
		SccLocalPath0 = .
		SccProjectUniqueName1 = TheGreatFollowUpper\\TheGreatFollowUpper.csproj
		SccProjectName1 = TheGreatFollowUpper
		SccLocalPath1 = TheGreatFollowUpper
		SccProjectUniqueName2 = TheGreatFollowUpper.LicenseGenerator\\TheGreatFollowUpper.LicenseGenerator.csproj
		SccProjectName2 = TheGreatFollowUpper.LicenseGenerator
		SccLocalPath2 = TheGreatFollowUpper.LicenseGenerator
	EndGlobalSection
EndGlobal
